
Microsoft Visual Studio Solution File, Format Version 12.00
# Visual Studio Version 16
VisualStudioVersion = 16.0.29519.181
MinimumVisualStudioVersion = 10.0.40219.1
Project("{9A19103F-16F7-4668-BE54-9A1E7A4F7556}") = "WebApp.Api", "WebApp.Api\WebApp.Api.csproj", "{10C543FD-4465-4A7A-B28E-EF41BE24AAED}"
EndProject
Project("{9A19103F-16F7-4668-BE54-9A1E7A4F7556}") = "WebApp.App", "WebApp.App\WebApp.App.csproj", "{D40AF791-3EC3-4668-B574-B6A95EE4C23D}"
EndProject
Project("{9A19103F-16F7-4668-BE54-9A1E7A4F7556}") = "WebApp.App.Tests", "WebApp.App.Tests\WebApp.App.Tests.csproj", "{E7065130-11D6-4E44-9C1C-6BB1E0289E16}"
EndProject
Project("{9A19103F-16F7-4668-BE54-9A1E7A4F7556}") = "WebApp.Infrastructure", "WebApp.Infrastructure\WebApp.Infrastructure.csproj", "{0FA8E04F-5A97-4667-9506-4150C46584FF}"
EndProject
Project("{2150E333-8FDC-42A3-9474-1A3956D46DE8}") = "Data", "Data", "{0F4253A2-EAA9-409A-944D-140E5E0B1D00}"
	ProjectSection(SolutionItems) = preProject
		Readme.md = Readme.md
	EndProjectSection
EndProject
Project("{2150E333-8FDC-42A3-9474-1A3956D46DE8}") = "Docker", "Docker", "{0E5E0083-6313-4FF3-B6A0-25266E4A0A0F}"
	ProjectSection(SolutionItems) = preProject
		.dockerignore = .dockerignore
		Dockerfile = Dockerfile
	EndProjectSection
EndProject
Global
	GlobalSection(SolutionConfigurationPlatforms) = preSolution
		Debug|Any CPU = Debug|Any CPU
		Release|Any CPU = Release|Any CPU
	EndGlobalSection
	GlobalSection(ProjectConfigurationPlatforms) = postSolution
		{10C543FD-4465-4A7A-B28E-EF41BE24AAED}.Debug|Any CPU.ActiveCfg = Debug|Any CPU
		{10C543FD-4465-4A7A-B28E-EF41BE24AAED}.Debug|Any CPU.Build.0 = Debug|Any CPU
		{10C543FD-4465-4A7A-B28E-EF41BE24AAED}.Release|Any CPU.ActiveCfg = Release|Any CPU
		{10C543FD-4465-4A7A-B28E-EF41BE24AAED}.Release|Any CPU.Build.0 = Release|Any CPU
		{D40AF791-3EC3-4668-B574-B6A95EE4C23D}.Debug|Any CPU.ActiveCfg = Debug|Any CPU
		{D40AF791-3EC3-4668-B574-B6A95EE4C23D}.Debug|Any CPU.Build.0 = Debug|Any CPU
		{D40AF791-3EC3-4668-B574-B6A95EE4C23D}.Release|Any CPU.ActiveCfg = Release|Any CPU
		{D40AF791-3EC3-4668-B574-B6A95EE4C23D}.Release|Any CPU.Build.0 = Release|Any CPU
		{E7065130-11D6-4E44-9C1C-6BB1E0289E16}.Debug|Any CPU.ActiveCfg = Debug|Any CPU
		{E7065130-11D6-4E44-9C1C-6BB1E0289E16}.Debug|Any CPU.Build.0 = Debug|Any CPU
		{E7065130-11D6-4E44-9C1C-6BB1E0289E16}.Release|Any CPU.ActiveCfg = Release|Any CPU
		{E7065130-11D6-4E44-9C1C-6BB1E0289E16}.Release|Any CPU.Build.0 = Release|Any CPU
		{0FA8E04F-5A97-4667-9506-4150C46584FF}.Debug|Any CPU.ActiveCfg = Debug|Any CPU
		{0FA8E04F-5A97-4667-9506-4150C46584FF}.Debug|Any CPU.Build.0 = Debug|Any CPU
		{0FA8E04F-5A97-4667-9506-4150C46584FF}.Release|Any CPU.ActiveCfg = Release|Any CPU
		{0FA8E04F-5A97-4667-9506-4150C46584FF}.Release|Any CPU.Build.0 = Release|Any CPU
	EndGlobalSection
	GlobalSection(SolutionProperties) = preSolution
		HideSolutionNode = FALSE
	EndGlobalSection
	GlobalSection(ExtensibilityGlobals) = postSolution
		SolutionGuid = {AE7A306E-02C8-4108-8B0C-DB3A08A43FD2}
	EndGlobalSection
EndGlobal
