
Microsoft Visual Studio Solution File, Format Version 12.00
# Visual Studio Version 16
VisualStudioVersion = 16.0.29519.181
MinimumVisualStudioVersion = 10.0.40219.1
Project("{9A19103F-16F7-4668-BE54-9A1E7A4F7556}") = "Vendor.Api", "Vendor.Api\Vendor.Api.csproj", "{8D9B1541-3F24-46FA-9491-E940EEBE13F7}"
EndProject
Project("{2150E333-8FDC-42A3-9474-1A3956D46DE8}") = "Data", "Data", "{D2BF55D5-5A78-4812-8D24-DAD9EC42CB8F}"
	ProjectSection(SolutionItems) = preProject
		Readme.md = Readme.md
	EndProjectSection
EndProject
Project("{2150E333-8FDC-42A3-9474-1A3956D46DE8}") = "Docker", "Docker", "{0DA9DF8A-C0F0-4279-91F8-C25EB4333327}"
	ProjectSection(SolutionItems) = preProject
		.dockerignore = .dockerignore
		Dockerfile = Dockerfile
	EndProjectSection
EndProject
Global
	GlobalSection(SolutionConfigurationPlatforms) = preSolution
		Debug|Any CPU = Debug|Any CPU
		Release|Any CPU = Release|Any CPU
	EndGlobalSection
	GlobalSection(ProjectConfigurationPlatforms) = postSolution
		{8D9B1541-3F24-46FA-9491-E940EEBE13F7}.Debug|Any CPU.ActiveCfg = Debug|Any CPU
		{8D9B1541-3F24-46FA-9491-E940EEBE13F7}.Debug|Any CPU.Build.0 = Debug|Any CPU
		{8D9B1541-3F24-46FA-9491-E940EEBE13F7}.Release|Any CPU.ActiveCfg = Release|Any CPU
		{8D9B1541-3F24-46FA-9491-E940EEBE13F7}.Release|Any CPU.Build.0 = Release|Any CPU
	EndGlobalSection
	GlobalSection(SolutionProperties) = preSolution
		HideSolutionNode = FALSE
	EndGlobalSection
	GlobalSection(ExtensibilityGlobals) = postSolution
		SolutionGuid = {3862729D-8126-4898-960B-71779ECF2D5E}
	EndGlobalSection
EndGlobal
