
Microsoft Visual Studio Solution File, Format Version 12.00
# Visual Studio 15
VisualStudioVersion = 15.0.28307.902
MinimumVisualStudioVersion = 10.0.40219.1
Project("{FAE04EC0-301F-11D3-BF4B-00C04F79EFBC}") = "Auth0.Api", "Auth0.Api\Auth0.Api.csproj", "{7362A264-8F1D-4BEE-9120-A8D737476519}"
EndProject
Global
	GlobalSection(SolutionConfigurationPlatforms) = preSolution
		Debug|Any CPU = Debug|Any CPU
		Release|Any CPU = Release|Any CPU
	EndGlobalSection
	GlobalSection(ProjectConfigurationPlatforms) = postSolution
		{7362A264-8F1D-4BEE-9120-A8D737476519}.Debug|Any CPU.ActiveCfg = Debug|Any CPU
		{7362A264-8F1D-4BEE-9120-A8D737476519}.Debug|Any CPU.Build.0 = Debug|Any CPU
		{7362A264-8F1D-4BEE-9120-A8D737476519}.Release|Any CPU.ActiveCfg = Release|Any CPU
		{7362A264-8F1D-4BEE-9120-A8D737476519}.Release|Any CPU.Build.0 = Release|Any CPU
	EndGlobalSection
	GlobalSection(SolutionProperties) = preSolution
		HideSolutionNode = FALSE
	EndGlobalSection
	GlobalSection(ExtensibilityGlobals) = postSolution
		SolutionGuid = {0C2C5657-5724-428D-9C63-F3A54CB2EC87}
	EndGlobalSection
EndGlobal
