
Microsoft Visual Studio Solution File, Format Version 12.00
# Visual Studio Version 16
VisualStudioVersion = 16.0.29519.181
MinimumVisualStudioVersion = 10.0.40219.1
Project("{9A19103F-16F7-4668-BE54-9A1E7A4F7556}") = "Auth0.Api", "Auth0.Api\Auth0.Api.csproj", "{3C57DFF8-CD33-405C-91BA-A32FC91EB0EC}"
EndProject
Project("{2150E333-8FDC-42A3-9474-1A3956D46DE8}") = "Data", "Data", "{3EF88098-F272-4E47-B224-C1DC22445658}"
	ProjectSection(SolutionItems) = preProject
		Readme.md = Readme.md
	EndProjectSection
EndProject
Project("{2150E333-8FDC-42A3-9474-1A3956D46DE8}") = "Docker", "Docker", "{D8C3FCF8-0F71-406A-B4E7-D048A65DFCB0}"
	ProjectSection(SolutionItems) = preProject
		.dockerignore = .dockerignore
		Dockerfile = Dockerfile
	EndProjectSection
EndProject
Global
	GlobalSection(SolutionConfigurationPlatforms) = preSolution
		Debug|Any CPU = Debug|Any CPU
		Release|Any CPU = Release|Any CPU
	EndGlobalSection
	GlobalSection(ProjectConfigurationPlatforms) = postSolution
		{3C57DFF8-CD33-405C-91BA-A32FC91EB0EC}.Debug|Any CPU.ActiveCfg = Debug|Any CPU
		{3C57DFF8-CD33-405C-91BA-A32FC91EB0EC}.Debug|Any CPU.Build.0 = Debug|Any CPU
		{3C57DFF8-CD33-405C-91BA-A32FC91EB0EC}.Release|Any CPU.ActiveCfg = Release|Any CPU
		{3C57DFF8-CD33-405C-91BA-A32FC91EB0EC}.Release|Any CPU.Build.0 = Release|Any CPU
	EndGlobalSection
	GlobalSection(SolutionProperties) = preSolution
		HideSolutionNode = FALSE
	EndGlobalSection
	GlobalSection(ExtensibilityGlobals) = postSolution
		SolutionGuid = {CDEBFF0D-0B3C-4847-8F8C-3F45E382A177}
	EndGlobalSection
EndGlobal
